# THIS IS AN AUTOGENERATED FILE. DO NOT EDIT THIS FILE DIRECTLY.
# yarn lockfile v1


codemirror@^5.62.0:
  version "5.62.0"
  resolved "https://registry.yarnpkg.com/codemirror/-/codemirror-5.62.0.tgz#e9ecd012e6f9eaf2e05ff4a449ff750f51619e22"
  integrity sha512-Xnl3304iCc8nyVZuRkzDVVwc794uc9QNX0UcPGeNic1fbzkSrO4l4GVXho9tRNKBgPYZXgocUqXyfIv3BILhCQ==
