# THIS IS AN AUTOGENERATED FILE. DO NOT EDIT THIS FILE DIRECTLY.
# yarn lockfile v1


codemirror@^5.58.1:
  version "5.58.1"
  resolved "https://registry.yarnpkg.com/codemirror/-/codemirror-5.58.1.tgz#ec6bf38ad2a17f74c61bd00cc6dc5a69bd167854"
  integrity sha512-UGb/ueu20U4xqWk8hZB3xIfV2/SFqnSLYONiM3wTMDqko0bsYrsAkGGhqUzbRkYm89aBKPyHtuNEbVWF9FTFzw==
