# THIS IS AN AUTOGENERATED FILE. DO NOT EDIT THIS FILE DIRECTLY.
# yarn lockfile v1


codemirror@^5.48.2:
  version "5.48.2"
  resolved "https://registry.yarnpkg.com/codemirror/-/codemirror-5.48.2.tgz#a9dd3d426dea4cd59efd59cd98e20a9152a30922"
  integrity sha512-i9VsmC8AfA5ji6EDIZ+aoSe4vt9FcwPLdHB1k1ItFbVyuOFRrcfvnoKqwZlC7EVA2UmTRiNEypE4Uo7YvzVY8Q==
